
Microsoft Visual Studio Solution File, Format Version 12.00
# Visual Studio Version 16
VisualStudioVersion = 16.0.30517.126
MinimumVisualStudioVersion = 10.0.40219.1
Project("{FAE04EC0-301F-11D3-BF4B-00C04F79EFBC}") = "DistributedVisionRunner.App", "DistributedVisionRunner.App\DistributedVisionRunner.App.csproj", "{DEE6EB04-F1DB-4617-943F-1286728A58A2}"
EndProject
Project("{FAE04EC0-301F-11D3-BF4B-00C04F79EFBC}") = "DistributedVisionRunner.Module", "DistributedVisionRunner.Module\DistributedVisionRunner.Module.csproj", "{D9110E89-0595-452C-8F5E-B051C865A005}"
EndProject
Project("{FAE04EC0-301F-11D3-BF4B-00C04F79EFBC}") = "DistributedVisionRunner.Tests", "DistributedVisionRunner.Tests\DistributedVisionRunner.Tests.csproj", "{183D236B-028B-473D-817D-269C714BBE56}"
EndProject
Project("{FAE04EC0-301F-11D3-BF4B-00C04F79EFBC}") = "DistributedVisionRunner.Interface", "DistributedVisionRunner.Interface\DistributedVisionRunner.Interface.csproj", "{AFCC4B12-C5CF-46F8-A0DA-5EB56993C590}"
EndProject
Project("{FAE04EC0-301F-11D3-BF4B-00C04F79EFBC}") = "LoggingConsole.Module", "LoggingConsole.Module\LoggingConsole.Module.csproj", "{B58AB189-56DE-4B77-872C-0767177F428E}"
EndProject
Project("{2150E333-8FDC-42A3-9474-1A3956D46DE8}") = "Solution Items", "Solution Items", "{298E436C-27E9-4AA9-AE5A-AB9B7389B6DF}"
	ProjectSection(SolutionItems) = preProject
		TODO.txt = TODO.txt
	EndProjectSection
EndProject
Project("{FAE04EC0-301F-11D3-BF4B-00C04F79EFBC}") = "Afterbunny.Windows.Helpers", "Afterbunny.Windows.Helpers\Afterbunny.Windows.Helpers.csproj", "{BE1B8316-30F5-4469-9F86-D930998E7950}"
EndProject
Project("{FAE04EC0-301F-11D3-BF4B-00C04F79EFBC}") = "DistributedVisionRunner.Client", "DistributedVisionRunner.Client\DistributedVisionRunner.Client.csproj", "{814F62DD-5C42-4C46-8F31-DA4C8F30B74D}"
EndProject
Global
	GlobalSection(SolutionConfigurationPlatforms) = preSolution
		Debug|Any CPU = Debug|Any CPU
		Release|Any CPU = Release|Any CPU
	EndGlobalSection
	GlobalSection(ProjectConfigurationPlatforms) = postSolution
		{DEE6EB04-F1DB-4617-943F-1286728A58A2}.Debug|Any CPU.ActiveCfg = Debug|Any CPU
		{DEE6EB04-F1DB-4617-943F-1286728A58A2}.Debug|Any CPU.Build.0 = Debug|Any CPU
		{DEE6EB04-F1DB-4617-943F-1286728A58A2}.Release|Any CPU.ActiveCfg = Release|Any CPU
		{DEE6EB04-F1DB-4617-943F-1286728A58A2}.Release|Any CPU.Build.0 = Release|Any CPU
		{D9110E89-0595-452C-8F5E-B051C865A005}.Debug|Any CPU.ActiveCfg = Debug|Any CPU
		{D9110E89-0595-452C-8F5E-B051C865A005}.Debug|Any CPU.Build.0 = Debug|Any CPU
		{D9110E89-0595-452C-8F5E-B051C865A005}.Release|Any CPU.ActiveCfg = Release|Any CPU
		{D9110E89-0595-452C-8F5E-B051C865A005}.Release|Any CPU.Build.0 = Release|Any CPU
		{183D236B-028B-473D-817D-269C714BBE56}.Debug|Any CPU.ActiveCfg = Debug|Any CPU
		{183D236B-028B-473D-817D-269C714BBE56}.Debug|Any CPU.Build.0 = Debug|Any CPU
		{183D236B-028B-473D-817D-269C714BBE56}.Release|Any CPU.ActiveCfg = Release|Any CPU
		{183D236B-028B-473D-817D-269C714BBE56}.Release|Any CPU.Build.0 = Release|Any CPU
		{AFCC4B12-C5CF-46F8-A0DA-5EB56993C590}.Debug|Any CPU.ActiveCfg = Debug|Any CPU
		{AFCC4B12-C5CF-46F8-A0DA-5EB56993C590}.Debug|Any CPU.Build.0 = Debug|Any CPU
		{AFCC4B12-C5CF-46F8-A0DA-5EB56993C590}.Release|Any CPU.ActiveCfg = Release|Any CPU
		{AFCC4B12-C5CF-46F8-A0DA-5EB56993C590}.Release|Any CPU.Build.0 = Release|Any CPU
		{B58AB189-56DE-4B77-872C-0767177F428E}.Debug|Any CPU.ActiveCfg = Debug|Any CPU
		{B58AB189-56DE-4B77-872C-0767177F428E}.Debug|Any CPU.Build.0 = Debug|Any CPU
		{B58AB189-56DE-4B77-872C-0767177F428E}.Release|Any CPU.ActiveCfg = Release|Any CPU
		{B58AB189-56DE-4B77-872C-0767177F428E}.Release|Any CPU.Build.0 = Release|Any CPU
		{BE1B8316-30F5-4469-9F86-D930998E7950}.Debug|Any CPU.ActiveCfg = Debug|Any CPU
		{BE1B8316-30F5-4469-9F86-D930998E7950}.Debug|Any CPU.Build.0 = Debug|Any CPU
		{BE1B8316-30F5-4469-9F86-D930998E7950}.Release|Any CPU.ActiveCfg = Release|Any CPU
		{BE1B8316-30F5-4469-9F86-D930998E7950}.Release|Any CPU.Build.0 = Release|Any CPU
		{814F62DD-5C42-4C46-8F31-DA4C8F30B74D}.Debug|Any CPU.ActiveCfg = Debug|Any CPU
		{814F62DD-5C42-4C46-8F31-DA4C8F30B74D}.Debug|Any CPU.Build.0 = Debug|Any CPU
		{814F62DD-5C42-4C46-8F31-DA4C8F30B74D}.Release|Any CPU.ActiveCfg = Release|Any CPU
		{814F62DD-5C42-4C46-8F31-DA4C8F30B74D}.Release|Any CPU.Build.0 = Release|Any CPU
	EndGlobalSection
	GlobalSection(SolutionProperties) = preSolution
		HideSolutionNode = FALSE
	EndGlobalSection
	GlobalSection(ExtensibilityGlobals) = postSolution
		SolutionGuid = {A8E1502D-9F94-4ABD-BCEE-5C8EBE144C2C}
	EndGlobalSection
EndGlobal
