
Microsoft Visual Studio Solution File, Format Version 12.00
# Visual Studio Version 16
VisualStudioVersion = 16.0.30517.126
MinimumVisualStudioVersion = 10.0.40219.1
Project("{FAE04EC0-301F-11D3-BF4B-00C04F79EFBC}") = "RemoteVisionConsole.App", "RemoteVisionConsole.App\RemoteVisionConsole.App.csproj", "{DEE6EB04-F1DB-4617-943F-1286728A58A2}"
EndProject
Project("{FAE04EC0-301F-11D3-BF4B-00C04F79EFBC}") = "RemoteVisionConsole.Module", "RemoteVisionConsole.Module\RemoteVisionConsole.Module.csproj", "{D9110E89-0595-452C-8F5E-B051C865A005}"
EndProject
Project("{FAE04EC0-301F-11D3-BF4B-00C04F79EFBC}") = "RemoteVisionModule.Tests", "RemoteVisionModule.Tests\RemoteVisionModule.Tests.csproj", "{183D236B-028B-473D-817D-269C714BBE56}"
EndProject
Project("{FAE04EC0-301F-11D3-BF4B-00C04F79EFBC}") = "RemoteVisionConsole.Interface", "RemoteVisionConsole.Interface\RemoteVisionConsole.Interface.csproj", "{AFCC4B12-C5CF-46F8-A0DA-5EB56993C590}"
EndProject
Project("{FAE04EC0-301F-11D3-BF4B-00C04F79EFBC}") = "RemoteVisionConsole.Data", "RemoteVisionConsole.Data\RemoteVisionConsole.Data.csproj", "{46FBFB29-F3E7-4AE5-AD65-067A1B501223}"
EndProject
Project("{FAE04EC0-301F-11D3-BF4B-00C04F79EFBC}") = "LoggingConsole.Module", "LoggingConsole.Module\LoggingConsole.Module.csproj", "{B58AB189-56DE-4B77-872C-0767177F428E}"
EndProject
Project("{FAE04EC0-301F-11D3-BF4B-00C04F79EFBC}") = "LoggingConsole.Interface", "LoggingConsole.Interface\LoggingConsole.Interface.csproj", "{E1A3A34E-AE28-4BF7-9685-15A7F82FF7F5}"
EndProject
Global
	GlobalSection(SolutionConfigurationPlatforms) = preSolution
		Debug|Any CPU = Debug|Any CPU
		Release|Any CPU = Release|Any CPU
	EndGlobalSection
	GlobalSection(ProjectConfigurationPlatforms) = postSolution
		{DEE6EB04-F1DB-4617-943F-1286728A58A2}.Debug|Any CPU.ActiveCfg = Debug|Any CPU
		{DEE6EB04-F1DB-4617-943F-1286728A58A2}.Debug|Any CPU.Build.0 = Debug|Any CPU
		{DEE6EB04-F1DB-4617-943F-1286728A58A2}.Release|Any CPU.ActiveCfg = Release|Any CPU
		{DEE6EB04-F1DB-4617-943F-1286728A58A2}.Release|Any CPU.Build.0 = Release|Any CPU
		{D9110E89-0595-452C-8F5E-B051C865A005}.Debug|Any CPU.ActiveCfg = Debug|Any CPU
		{D9110E89-0595-452C-8F5E-B051C865A005}.Debug|Any CPU.Build.0 = Debug|Any CPU
		{D9110E89-0595-452C-8F5E-B051C865A005}.Release|Any CPU.ActiveCfg = Release|Any CPU
		{D9110E89-0595-452C-8F5E-B051C865A005}.Release|Any CPU.Build.0 = Release|Any CPU
		{183D236B-028B-473D-817D-269C714BBE56}.Debug|Any CPU.ActiveCfg = Debug|Any CPU
		{183D236B-028B-473D-817D-269C714BBE56}.Debug|Any CPU.Build.0 = Debug|Any CPU
		{183D236B-028B-473D-817D-269C714BBE56}.Release|Any CPU.ActiveCfg = Release|Any CPU
		{183D236B-028B-473D-817D-269C714BBE56}.Release|Any CPU.Build.0 = Release|Any CPU
		{AFCC4B12-C5CF-46F8-A0DA-5EB56993C590}.Debug|Any CPU.ActiveCfg = Debug|Any CPU
		{AFCC4B12-C5CF-46F8-A0DA-5EB56993C590}.Debug|Any CPU.Build.0 = Debug|Any CPU
		{AFCC4B12-C5CF-46F8-A0DA-5EB56993C590}.Release|Any CPU.ActiveCfg = Release|Any CPU
		{AFCC4B12-C5CF-46F8-A0DA-5EB56993C590}.Release|Any CPU.Build.0 = Release|Any CPU
		{46FBFB29-F3E7-4AE5-AD65-067A1B501223}.Debug|Any CPU.ActiveCfg = Debug|Any CPU
		{46FBFB29-F3E7-4AE5-AD65-067A1B501223}.Debug|Any CPU.Build.0 = Debug|Any CPU
		{46FBFB29-F3E7-4AE5-AD65-067A1B501223}.Release|Any CPU.ActiveCfg = Release|Any CPU
		{46FBFB29-F3E7-4AE5-AD65-067A1B501223}.Release|Any CPU.Build.0 = Release|Any CPU
		{B58AB189-56DE-4B77-872C-0767177F428E}.Debug|Any CPU.ActiveCfg = Debug|Any CPU
		{B58AB189-56DE-4B77-872C-0767177F428E}.Debug|Any CPU.Build.0 = Debug|Any CPU
		{B58AB189-56DE-4B77-872C-0767177F428E}.Release|Any CPU.ActiveCfg = Release|Any CPU
		{B58AB189-56DE-4B77-872C-0767177F428E}.Release|Any CPU.Build.0 = Release|Any CPU
		{E1A3A34E-AE28-4BF7-9685-15A7F82FF7F5}.Debug|Any CPU.ActiveCfg = Debug|Any CPU
		{E1A3A34E-AE28-4BF7-9685-15A7F82FF7F5}.Debug|Any CPU.Build.0 = Debug|Any CPU
		{E1A3A34E-AE28-4BF7-9685-15A7F82FF7F5}.Release|Any CPU.ActiveCfg = Release|Any CPU
		{E1A3A34E-AE28-4BF7-9685-15A7F82FF7F5}.Release|Any CPU.Build.0 = Release|Any CPU
	EndGlobalSection
	GlobalSection(SolutionProperties) = preSolution
		HideSolutionNode = FALSE
	EndGlobalSection
	GlobalSection(ExtensibilityGlobals) = postSolution
		SolutionGuid = {A8E1502D-9F94-4ABD-BCEE-5C8EBE144C2C}
	EndGlobalSection
EndGlobal
